// !$*UTF8*$!
{
	archiveVersion = 1;
	classes = {
	};
	objectVersion = 50;
	objects = {

/* Begin PBXBuildFile section */
		BB37D01D24D8AA74006FE357 /* AppDelegate.swift in Sources */ = {isa = PBXBuildFile; fileRef = BB37D01C24D8AA74006FE357 /* AppDelegate.swift */; };
		BB37D01F24D8AA74006FE357 /* SceneDelegate.swift in Sources */ = {isa = PBXBuildFile; fileRef = BB37D01E24D8AA74006FE357 /* SceneDelegate.swift */; };
		BB37D02124D8AA74006FE357 /* ViewController.swift in Sources */ = {isa = PBXBuildFile; fileRef = BB37D02024D8AA74006FE357 /* ViewController.swift */; };
		BB37D02424D8AA74006FE357 /* Main.storyboard in Resources */ = {isa = PBXBuildFile; fileRef = BB37D02224D8AA74006FE357 /* Main.storyboard */; };
		BB37D02624D8AA76006FE357 /* Assets.xcassets in Resources */ = {isa = PBXBuildFile; fileRef = BB37D02524D8AA76006FE357 /* Assets.xcassets */; };
		BB37D02924D8AA76006FE357 /* LaunchScreen.storyboard in Resources */ = {isa = PBXBuildFile; fileRef = BB37D02724D8AA76006FE357 /* LaunchScreen.storyboard */; };
		BB37D03124D8ACDC006FE357 /* test.swift in Sources */ = {isa = PBXBuildFile; fileRef = BB37D03024D8ACDC006FE357 /* test.swift */; };
/* End PBXBuildFile section */

/* Begin PBXFileReference section */
		BB37D01924D8AA74006FE357 /* BCircle.app */ = {isa = PBXFileReference; explicitFileType = wrapper.application; includeInIndex = 0; path = BCircle.app; sourceTree = BUILT_PRODUCTS_DIR; };
		BB37D01C24D8AA74006FE357 /* AppDelegate.swift */ = {isa = PBXFileReference; lastKnownFileType = sourcecode.swift; path = AppDelegate.swift; sourceTree = "<group>"; };
		BB37D01E24D8AA74006FE357 /* SceneDelegate.swift */ = {isa = PBXFileReference; lastKnownFileType = sourcecode.swift; path = SceneDelegate.swift; sourceTree = "<group>"; };
		BB37D02024D8AA74006FE357 /* ViewController.swift */ = {isa = PBXFileReference; lastKnownFileType = sourcecode.swift; path = ViewController.swift; sourceTree = "<group>"; };
		BB37D02324D8AA74006FE357 /* Base */ = {isa = PBXFileReference; lastKnownFileType = file.storyboard; name = Base; path = Base.lproj/Main.storyboard; sourceTree = "<group>"; };
		BB37D02524D8AA76006FE357 /* Assets.xcassets */ = {isa = PBXFileReference; lastKnownFileType = folder.assetcatalog; path = Assets.xcassets; sourceTree = "<group>"; };
		BB37D02824D8AA76006FE357 /* Base */ = {isa = PBXFileReference; lastKnownFileType = file.storyboard; name = Base; path = Base.lproj/LaunchScreen.storyboard; sourceTree = "<group>"; };
		BB37D02A24D8AA76006FE357 /* Info.plist */ = {isa = PBXFileReference; lastKnownFileType = text.plist.xml; path = Info.plist; sourceTree = "<group>"; };
		BB37D03024D8ACDC006FE357 /* test.swift */ = {isa = PBXFileReference; lastKnownFileType = sourcecode.swift; path = test.swift; sourceTree = "<group>"; };
/* End PBXFileReference section */

/* Begin PBXFrameworksBuildPhase section */
		BB37D01624D8AA74006FE357 /* Frameworks */ = {
			isa = PBXFrameworksBuildPhase;
			buildActionMask = 2147483647;
			files = (
			);
			runOnlyForDeploymentPostprocessing = 0;
		};
/* End PBXFrameworksBuildPhase section */

/* Begin PBXGroup section */
		BB37D01024D8AA74006FE357 = {
			isa = PBXGroup;
			children = (
				BB37D01B24D8AA74006FE357 /* BCircle */,
				BB37D01A24D8AA74006FE357 /* Products */,
			);
			sourceTree = "<group>";
		};
		BB37D01A24D8AA74006FE357 /* Products */ = {
			isa = PBXGroup;
			children = (
				BB37D01924D8AA74006FE357 /* BCircle.app */,
			);
			name = Products;
			sourceTree = "<group>";
		};
		BB37D01B24D8AA74006FE357 /* BCircle */ = {
			isa = PBXGroup;
			children = (
				BB37D01C24D8AA74006FE357 /* AppDelegate.swift */,
				BB37D01E24D8AA74006FE357 /* SceneDelegate.swift */,
				BB37D02024D8AA74006FE357 /* ViewController.swift */,
				BB37D02224D8AA74006FE357 /* Main.storyboard */,
				BB37D02524D8AA76006FE357 /* Assets.xcassets */,
				BB37D02724D8AA76006FE357 /* LaunchScreen.storyboard */,
				BB37D02A24D8AA76006FE357 /* Info.plist */,
				BB37D03024D8ACDC006FE357 /* test.swift */,
			);
			path = BCircle;
			sourceTree = "<group>";
		};
/* End PBXGroup section */

/* Begin PBXNativeTarget section */
		BB37D01824D8AA74006FE357 /* BCircle */ = {
			isa = PBXNativeTarget;
			buildConfigurationList = BB37D02D24D8AA76006FE357 /* Build configuration list for PBXNativeTarget "BCircle" */;
			buildPhases = (
				BB37D01524D8AA74006FE357 /* Sources */,
				BB37D01624D8AA74006FE357 /* Frameworks */,
				BB37D01724D8AA74006FE357 /* Resources */,
			);
			buildRules = (
			);
			dependencies = (
			);
			name = BCircle;
			productName = BCircle;
			productReference = BB37D01924D8AA74006FE357 /* BCircle.app */;
			productType = "com.apple.product-type.application";
		};
/* End PBXNativeTarget section */

/* Begin PBXProject section */
		BB37D01124D8AA74006FE357 /* Project object */ = {
			isa = PBXProject;
			attributes = {
				LastSwiftUpdateCheck = 1160;
				LastUpgradeCheck = 1160;
				ORGANIZATIONNAME = "Arvin Nidadavolu";
				TargetAttributes = {
					BB37D01824D8AA74006FE357 = {
						CreatedOnToolsVersion = 11.6;
					};
				};
			};
			buildConfigurationList = BB37D01424D8AA74006FE357 /* Build configuration list for PBXProject "BCircle" */;
			compatibilityVersion = "Xcode 9.3";
			developmentRegion = en;
			hasScannedForEncodings = 0;
			knownRegions = (
				en,
				Base,
			);
			mainGroup = BB37D01024D8AA74006FE357;
			productRefGroup = BB37D01A24D8AA74006FE357 /* Products */;
			projectDirPath = "";
			projectRoot = "";
			targets = (
				BB37D01824D8AA74006FE357 /* BCircle */,
			);
		};
/* End PBXProject section */

/* Begin PBXResourcesBuildPhase section */
		BB37D01724D8AA74006FE357 /* Resources */ = {
			isa = PBXResourcesBuildPhase;
			buildActionMask = 2147483647;
			files = (
				BB37D02924D8AA76006FE357 /* LaunchScreen.storyboard in Resources */,
				BB37D02624D8AA76006FE357 /* Assets.xcassets in Resources */,
				BB37D02424D8AA74006FE357 /* Main.storyboard in Resources */,
			);
			runOnlyForDeploymentPostprocessing = 0;
		};
/* End PBXResourcesBuildPhase section */

/* Begin PBXSourcesBuildPhase section */
		BB37D01524D8AA74006FE357 /* Sources */ = {
			isa = PBXSourcesBuildPhase;
			buildActionMask = 2147483647;
			files = (
				BB37D02124D8AA74006FE357 /* ViewController.swift in Sources */,
				BB37D03124D8ACDC006FE357 /* test.swift in Sources */,
				BB37D01D24D8AA74006FE357 /* AppDelegate.swift in Sources */,
				BB37D01F24D8AA74006FE357 /* SceneDelegate.swift in Sources */,
			);
			runOnlyForDeploymentPostprocessing = 0;
		};
/* End PBXSourcesBuildPhase section */

/* Begin PBXVariantGroup section */
		BB37D02224D8AA74006FE357 /* Main.storyboard */ = {
			isa = PBXVariantGroup;
			children = (
				BB37D02324D8AA74006FE357 /* Base */,
			);
			name = Main.storyboard;
			sourceTree = "<group>";
		};
		BB37D02724D8AA76006FE357 /* LaunchScreen.storyboard */ = {
			isa = PBXVariantGroup;
			children = (
				BB37D02824D8AA76006FE357 /* Base */,
			);
			name = LaunchScreen.storyboard;
			sourceTree = "<group>";
		};
/* End PBXVariantGroup section */

/* Begin XCBuildConfiguration section */
		BB37D02B24D8AA76006FE357 /* Debug */ = {
			isa = XCBuildConfiguration;
			buildSettings = {
				ALWAYS_SEARCH_USER_PATHS = NO;
				CLANG_ANALYZER_NONNULL = YES;
				CLANG_ANALYZER_NUMBER_OBJECT_CONVERSION = YES_AGGRESSIVE;
				CLANG_CXX_LANGUAGE_STANDARD = "gnu++14";
				CLANG_CXX_LIBRARY = "libc++";
				CLANG_ENABLE_MODULES = YES;
				CLANG_ENABLE_OBJC_ARC = YES;
				CLANG_ENABLE_OBJC_WEAK = YES;
				CLANG_WARN_BLOCK_CAPTURE_AUTORELEASING = YES;
				CLANG_WARN_BOOL_CONVERSION = YES;
				CLANG_WARN_COMMA = YES;
				CLANG_WARN_CONSTANT_CONVERSION = YES;
				CLANG_WARN_DEPRECATED_OBJC_IMPLEMENTATIONS = YES;
				CLANG_WARN_DIRECT_OBJC_ISA_USAGE = YES_ERROR;
				CLANG_WARN_DOCUMENTATION_COMMENTS = YES;
				CLANG_WARN_EMPTY_BODY = YES;
				CLANG_WARN_ENUM_CONVERSION = YES;
				CLANG_WARN_INFINITE_RECURSION = YES;
				CLANG_WARN_INT_CONVERSION = YES;
				CLANG_WARN_NON_LITERAL_NULL_CONVERSION = YES;
				CLANG_WARN_OBJC_IMPLICIT_RETAIN_SELF = YES;
				CLANG_WARN_OBJC_LITERAL_CONVERSION = YES;
				CLANG_WARN_OBJC_ROOT_CLASS = YES_ERROR;
				CLANG_WARN_RANGE_LOOP_ANALYSIS = YES;
				CLANG_WARN_STRICT_PROTOTYPES = YES;
				CLANG_WARN_SUSPICIOUS_MOVE = YES;
				CLANG_WARN_UNGUARDED_AVAILABILITY = YES_AGGRESSIVE;
				CLANG_WARN_UNREACHABLE_CODE = YES;
				CLANG_WARN__DUPLICATE_METHOD_MATCH = YES;
				COPY_PHASE_STRIP = NO;
				DEBUG_INFORMATION_FORMAT = dwarf;
				ENABLE_STRICT_OBJC_MSGSEND = YES;
				ENABLE_TESTABILITY = YES;
				GCC_C_LANGUAGE_STANDARD = gnu11;
				GCC_DYNAMIC_NO_PIC = NO;
				GCC_NO_COMMON_BLOCKS = YES;
				GCC_OPTIMIZATION_LEVEL = 0;
				GCC_PREPROCESSOR_DEFINITIONS = (
					"DEBUG=1",
					"$(inherited)",
				);
				GCC_WARN_64_TO_32_BIT_CONVERSION = YES;
				GCC_WARN_ABOUT_RETURN_TYPE = YES_ERROR;
				GCC_WARN_UNDECLARED_SELECTOR = YES;
				GCC_WARN_UNINITIALIZED_AUTOS = YES_AGGRESSIVE;
				GCC_WARN_UNUSED_FUNCTION = YES;
				GCC_WARN_UNUSED_VARIABLE = YES;
				IPHONEOS_DEPLOYMENT_TARGET = 13.6;
				MTL_ENABLE_DEBUG_INFO = INCLUDE_SOURCE;
				MTL_FAST_MATH = YES;
				ONLY_ACTIVE_ARCH = YES;
				SDKROOT = iphoneos;
				SWIFT_ACTIVE_COMPILATION_CONDITIONS = DEBUG;
				SWIFT_OPTIMIZATION_LEVEL = "-Onone";
			};
			name = Debug;
		};
		BB37D02C24D8AA76006FE357 /* Release */ = {
			isa = XCBuildConfiguration;
			buildSettings = {
				ALWAYS_SEARCH_USER_PATHS = NO;
				CLANG_ANALYZER_NONNULL = YES;
				CLANG_ANALYZER_NUMBER_OBJECT_CONVERSION = YES_AGGRESSIVE;
				CLANG_CXX_LANGUAGE_STANDARD = "gnu++14";
				CLANG_CXX_LIBRARY = "libc++";
				CLANG_ENABLE_MODULES = YES;
				CLANG_ENABLE_OBJC_ARC = YES;
				CLANG_ENABLE_OBJC_WEAK = YES;
				CLANG_WARN_BLOCK_CAPTURE_AUTORELEASING = YES;
				CLANG_WARN_BOOL_CONVERSION = YES;
				CLANG_WARN_COMMA = YES;
				CLANG_WARN_CONSTANT_CONVERSION = YES;
				CLANG_WARN_DEPRECATED_OBJC_IMPLEMENTATIONS = YES;
				CLANG_WARN_DIRECT_OBJC_ISA_USAGE = YES_ERROR;
				CLANG_WARN_DOCUMENTATION_COMMENTS = YES;
				CLANG_WARN_EMPTY_BODY = YES;
				CLANG_WARN_ENUM_CONVERSION = YES;
				CLANG_WARN_INFINITE_RECURSION = YES;
				CLANG_WARN_INT_CONVERSION = YES;
				CLANG_WARN_NON_LITERAL_NULL_CONVERSION = YES;
				CLANG_WARN_OBJC_IMPLICIT_RETAIN_SELF = YES;
				CLANG_WARN_OBJC_LITERAL_CONVERSION = YES;
				CLANG_WARN_OBJC_ROOT_CLASS = YES_ERROR;
				CLANG_WARN_RANGE_LOOP_ANALYSIS = YES;
				CLANG_WARN_STRICT_PROTOTYPES = YES;
				CLANG_WARN_SUSPICIOUS_MOVE = YES;
				CLANG_WARN_UNGUARDED_AVAILABILITY = YES_AGGRESSIVE;
				CLANG_WARN_UNREACHABLE_CODE = YES;
				CLANG_WARN__DUPLICATE_METHOD_MATCH = YES;
				COPY_PHASE_STRIP = NO;
				DEBUG_INFORMATION_FORMAT = "dwarf-with-dsym";
				ENABLE_NS_ASSERTIONS = NO;
				ENABLE_STRICT_OBJC_MSGSEND = YES;
				GCC_C_LANGUAGE_STANDARD = gnu11;
				GCC_NO_COMMON_BLOCKS = YES;
				GCC_WARN_64_TO_32_BIT_CONVERSION = YES;
				GCC_WARN_ABOUT_RETURN_TYPE = YES_ERROR;
				GCC_WARN_UNDECLARED_SELECTOR = YES;
				GCC_WARN_UNINITIALIZED_AUTOS = YES_AGGRESSIVE;
				GCC_WARN_UNUSED_FUNCTION = YES;
				GCC_WARN_UNUSED_VARIABLE = YES;
				IPHONEOS_DEPLOYMENT_TARGET = 13.6;
				MTL_ENABLE_DEBUG_INFO = NO;
				MTL_FAST_MATH = YES;
				SDKROOT = iphoneos;
				SWIFT_COMPILATION_MODE = wholemodule;
				SWIFT_OPTIMIZATION_LEVEL = "-O";
				VALIDATE_PRODUCT = YES;
			};
			name = Release;
		};
		BB37D02E24D8AA76006FE357 /* Debug */ = {
			isa = XCBuildConfiguration;
			buildSettings = {
				ASSETCATALOG_COMPILER_APPICON_NAME = AppIcon;
				CODE_SIGN_STYLE = Automatic;
				INFOPLIST_FILE = BCircle/Info.plist;
				LD_RUNPATH_SEARCH_PATHS = (
					"$(inherited)",
					"@executable_path/Frameworks",
				);
				PRODUCT_BUNDLE_IDENTIFIER = com.diagate.BCircle;
				PRODUCT_NAME = "$(TARGET_NAME)";
				SWIFT_VERSION = 5.0;
				TARGETED_DEVICE_FAMILY = "1,2";
			};
			name = Debug;
		};
		BB37D02F24D8AA76006FE357 /* Release */ = {
			isa = XCBuildConfiguration;
			buildSettings = {
				ASSETCATALOG_COMPILER_APPICON_NAME = AppIcon;
				CODE_SIGN_STYLE = Automatic;
				INFOPLIST_FILE = BCircle/Info.plist;
				LD_RUNPATH_SEARCH_PATHS = (
					"$(inherited)",
					"@executable_path/Frameworks",
				);
				PRODUCT_BUNDLE_IDENTIFIER = com.diagate.BCircle;
				PRODUCT_NAME = "$(TARGET_NAME)";
				SWIFT_VERSION = 5.0;
				TARGETED_DEVICE_FAMILY = "1,2";
			};
			name = Release;
		};
/* End XCBuildConfiguration section */

/* Begin XCConfigurationList section */
		BB37D01424D8AA74006FE357 /* Build configuration list for PBXProject "BCircle" */ = {
			isa = XCConfigurationList;
			buildConfigurations = (
				BB37D02B24D8AA76006FE357 /* Debug */,
				BB37D02C24D8AA76006FE357 /* Release */,
			);
			defaultConfigurationIsVisible = 0;
			defaultConfigurationName = Release;
		};
		BB37D02D24D8AA76006FE357 /* Build configuration list for PBXNativeTarget "BCircle" */ = {
			isa = XCConfigurationList;
			buildConfigurations = (
				BB37D02E24D8AA76006FE357 /* Debug */,
				BB37D02F24D8AA76006FE357 /* Release */,
			);
			defaultConfigurationIsVisible = 0;
			defaultConfigurationName = Release;
		};
/* End XCConfigurationList section */
	};
	rootObject = BB37D01124D8AA74006FE357 /* Project object */;
}
